{
  "name": "naivecoin_1",
  "version": "1.0.0",
  "description": "The implementation of blockchain prototype",
  "lockfileVersion": 1,
  "requires": true,
  "dependencies": {
    "ramda": {
      "version": "0.30.1",
      "resolved": "https://registry.npmmirror.com/ramda/-/ramda-0.30.1.tgz",
      "integrity": "sha512-tEF5I22zJnuclswcZMc8bDIrwRHRzf+NqVEmqg50ShAZMP7MWeR/RGDthfM/p+BlqvF2fXAzpn8i+SJcYD3alw=="
    }
  }
}